
Microsoft Visual Studio Solution File, Format Version 12.00
# Visual Studio Version 17
VisualStudioVersion = 17.4.33205.214
MinimumVisualStudioVersion = 10.0.40219.1
Project("{9A19103F-16F7-4668-BE54-9A1E7A4F7556}") = "CommuteApp", "CommuteApp.csproj", "{E09F1C7A-64E2-44E3-A548-D4B568467440}"
EndProject
Project("{9A19103F-16F7-4668-BE54-9A1E7A4F7556}") = "CommuteApp.Core", "..\Core\CommuteApp.Core.csproj", "{51C1A6C0-801F-4280-9B84-C5C97320D5EB}"
EndProject
Project("{9A19103F-16F7-4668-BE54-9A1E7A4F7556}") = "CommuteApp.Data", "..\Data\CommuteApp.Data.csproj", "{6E7B2367-105E-418C-8A93-7918AD663713}"
EndProject
Project("{FAE04EC0-301F-11D3-BF4B-00C04F79EFBC}") = "CommuteApp.Testing", "..\CommuteApp.Testing\CommuteApp.Testing.csproj", "{38F74A82-FDEB-45CA-B451-921145C69FEE}"
EndProject
Global
	GlobalSection(SolutionConfigurationPlatforms) = preSolution
		Debug|Any CPU = Debug|Any CPU
		Release|Any CPU = Release|Any CPU
	EndGlobalSection
	GlobalSection(ProjectConfigurationPlatforms) = postSolution
		{E09F1C7A-64E2-44E3-A548-D4B568467440}.Debug|Any CPU.ActiveCfg = Debug|Any CPU
		{E09F1C7A-64E2-44E3-A548-D4B568467440}.Debug|Any CPU.Build.0 = Debug|Any CPU
		{E09F1C7A-64E2-44E3-A548-D4B568467440}.Release|Any CPU.ActiveCfg = Release|Any CPU
		{E09F1C7A-64E2-44E3-A548-D4B568467440}.Release|Any CPU.Build.0 = Release|Any CPU
		{51C1A6C0-801F-4280-9B84-C5C97320D5EB}.Debug|Any CPU.ActiveCfg = Debug|Any CPU
		{51C1A6C0-801F-4280-9B84-C5C97320D5EB}.Debug|Any CPU.Build.0 = Debug|Any CPU
		{51C1A6C0-801F-4280-9B84-C5C97320D5EB}.Release|Any CPU.ActiveCfg = Release|Any CPU
		{51C1A6C0-801F-4280-9B84-C5C97320D5EB}.Release|Any CPU.Build.0 = Release|Any CPU
		{6E7B2367-105E-418C-8A93-7918AD663713}.Debug|Any CPU.ActiveCfg = Debug|Any CPU
		{6E7B2367-105E-418C-8A93-7918AD663713}.Debug|Any CPU.Build.0 = Debug|Any CPU
		{6E7B2367-105E-418C-8A93-7918AD663713}.Release|Any CPU.ActiveCfg = Release|Any CPU
		{6E7B2367-105E-418C-8A93-7918AD663713}.Release|Any CPU.Build.0 = Release|Any CPU
		{38F74A82-FDEB-45CA-B451-921145C69FEE}.Debug|Any CPU.ActiveCfg = Debug|Any CPU
		{38F74A82-FDEB-45CA-B451-921145C69FEE}.Debug|Any CPU.Build.0 = Debug|Any CPU
		{38F74A82-FDEB-45CA-B451-921145C69FEE}.Release|Any CPU.ActiveCfg = Release|Any CPU
		{38F74A82-FDEB-45CA-B451-921145C69FEE}.Release|Any CPU.Build.0 = Release|Any CPU
	EndGlobalSection
	GlobalSection(SolutionProperties) = preSolution
		HideSolutionNode = FALSE
	EndGlobalSection
	GlobalSection(ExtensibilityGlobals) = postSolution
		SolutionGuid = {E6ADA8B8-2045-4DBD-97B5-A1D8E31D6788}
	EndGlobalSection
EndGlobal
